
Microsoft Visual Studio Solution File, Format Version 12.00
# Visual Studio Version 17
VisualStudioVersion = 17.1.32319.34
MinimumVisualStudioVersion = 10.0.40219.1
Project("{FAE04EC0-301F-11D3-BF4B-00C04F79EFBC}") = "ProductStore", "ProductStore\ProductStore.csproj", "{4C8524DF-D956-494B-9391-A0CA72F1C0C5}"
EndProject
Global
	GlobalSection(SolutionConfigurationPlatforms) = preSolution
		Debug|Any CPU = Debug|Any CPU
		Release|Any CPU = Release|Any CPU
	EndGlobalSection
	GlobalSection(ProjectConfigurationPlatforms) = postSolution
		{4C8524DF-D956-494B-9391-A0CA72F1C0C5}.Debug|Any CPU.ActiveCfg = Debug|Any CPU
		{4C8524DF-D956-494B-9391-A0CA72F1C0C5}.Debug|Any CPU.Build.0 = Debug|Any CPU
		{4C8524DF-D956-494B-9391-A0CA72F1C0C5}.Release|Any CPU.ActiveCfg = Release|Any CPU
		{4C8524DF-D956-494B-9391-A0CA72F1C0C5}.Release|Any CPU.Build.0 = Release|Any CPU
	EndGlobalSection
	GlobalSection(SolutionProperties) = preSolution
		HideSolutionNode = FALSE
	EndGlobalSection
	GlobalSection(ExtensibilityGlobals) = postSolution
		SolutionGuid = {A3857DC3-DD22-498A-9BCB-1D6CB4928B32}
	EndGlobalSection
EndGlobal
